# This file is autogenerated, do not edit; changes may be undone by the next 'dep ensure'.


[[projects]]
  name = "github.com/Sirupsen/logrus"
  packages = ["."]
  revision = "a3f95b5c423586578a4e099b11a46c2479628cac"
  version = "1.0.2"

[[projects]]
  branch = "master"
  name = "github.com/blockninja/ninjarouter"
  packages = ["."]
  revision = "95d54002805fa4edde654e6574439543cf8c2f00"

[[projects]]
  name = "github.com/gorilla/context"
  packages = ["."]
  revision = "1ea25387ff6f684839d82767c1733ff4d4d15d0a"
  version = "v1.1"

[[projects]]
  name = "github.com/gorilla/securecookie"
  packages = ["."]
  revision = "667fe4e3466a040b780561fe9b51a83a3753eefc"
  version = "v1.1"

[[projects]]
  name = "github.com/gorilla/sessions"
  packages = ["."]
  revision = "ca9ada44574153444b00d3fd9c8559e4cc95f896"
  version = "v1.1"

[[projects]]
  name = "github.com/jackc/pgx"
  packages = ["."]
  revision = "c5278b8b573010219404da6b1966d69fc1d02bdc"

[[projects]]
  name = "github.com/manveru/faker"
  packages = ["."]
  revision = "717f7cf83fb78669bfab612749c2e8ff63d5be11"

[[projects]]
  name = "github.com/pkg/errors"
  packages = ["."]
  revision = "645ef00459ed84a119197bfb8d8205042c6df63d"
  version = "v0.8.0"

[[projects]]
  name = "github.com/satori/go.uuid"
  packages = ["."]
  revision = "5bf94b69c6b68ee1b541973bb8e1144db23a194b"

[[projects]]
  name = "github.com/sendgrid/rest"
  packages = ["."]
  revision = "80b39aaf5a30edab5bf2f99d56052abe01a0d41d"
  version = "v2.4.0"

[[projects]]
  name = "github.com/sendgrid/sendgrid-go"
  packages = [
    ".",
    "helpers/mail"
  ]
  revision = "8caf17aa96b4a98bae8bd216878dd50ff12897b5"
  version = "v3.4.1"

[[projects]]
  name = "github.com/vulcand/oxy"
  packages = [
    "forward",
    "testutils",
    "utils"
  ]
  revision = "12aa65630360a8ab1827975bd46491a358094cd9"

[[projects]]
  name = "golang.org/x/crypto"
  packages = [
    "bcrypt",
    "blowfish"
  ]
  revision = "854ae91cdcbf914b499b1d7641d07859f3653481"

[[projects]]
  name = "golang.org/x/sys"
  packages = ["unix"]
  revision = "075e574b89e4c2d22f2286a7e2b919519c6f3547"

[solve-meta]
  analyzer-name = "dep"
  analyzer-version = 1
  inputs-digest = "e2fede52a71bab45241b3f283da6a3878a78a2e9cefaf94177de27f8f1894e5f"
  solver-name = "gps-cdcl"
  solver-version = 1
