# This file is autogenerated, do not edit; changes may be undone by the next 'dep ensure'.


[[projects]]
  branch = "master"
  name = "github.com/blockninja/ninjarouter"
  packages = ["."]
  revision = "95d54002805fa4edde654e6574439543cf8c2f00"

[[projects]]
  name = "github.com/gorilla/context"
  packages = ["."]
  revision = "08b5f424b9271eedf6f9f0ce86cb9396ed337a42"
  version = "v1.1.1"

[[projects]]
  name = "github.com/gorilla/securecookie"
  packages = ["."]
  revision = "e59506cc896acb7f7bf732d4fdf5e25f7ccd8983"
  version = "v1.1.1"

[[projects]]
  name = "github.com/gorilla/sessions"
  packages = ["."]
  revision = "ca9ada44574153444b00d3fd9c8559e4cc95f896"
  version = "v1.1"

[[projects]]
  name = "github.com/jackc/pgx"
  packages = [
    ".",
    "chunkreader",
    "internal/sanitize",
    "pgio",
    "pgproto3",
    "pgtype"
  ]
  revision = "da3231b0b66e2e74cdb779f1d46c5e958ba8be27"
  version = "v3.1.0"

[[projects]]
  branch = "master"
  name = "github.com/manveru/faker"
  packages = ["."]
  revision = "9fbc68a78c4dbc7914e1a23f88f126bea4383b97"

[[projects]]
  name = "github.com/pkg/errors"
  packages = ["."]
  revision = "645ef00459ed84a119197bfb8d8205042c6df63d"
  version = "v0.8.0"

[[projects]]
  name = "github.com/satori/go.uuid"
  packages = ["."]
  revision = "f58768cc1a7a7e77a3bd49e98cdd21419399b6a3"
  version = "v1.2.0"

[[projects]]
  name = "github.com/sendgrid/rest"
  packages = ["."]
  revision = "306b9bef57dc36f3435ccfcc08fe6ae2c6920344"
  version = "v2.4.1"

[[projects]]
  name = "github.com/sendgrid/sendgrid-go"
  packages = [
    ".",
    "helpers/mail"
  ]
  revision = "8caf17aa96b4a98bae8bd216878dd50ff12897b5"
  version = "v3.4.1"

[[projects]]
  branch = "master"
  name = "golang.org/x/crypto"
  packages = [
    "bcrypt",
    "blowfish"
  ]
  revision = "1a580b3eff7814fc9b40602fd35256c63b50f491"

[solve-meta]
  analyzer-name = "dep"
  analyzer-version = 1
  inputs-digest = "d63bb1f0f8364b38c2be20e264503ab43d26a05f037019d11e096ea4e4e16f23"
  solver-name = "gps-cdcl"
  solver-version = 1
